github.com/grape80/cli v0.1.0 h1:a4zWjgd7FRchvu5frJx41n9vv1k0ep3ViRQnDEO5/Pg=
github.com/grape80/cli v0.1.0/go.mod h1:vKTXh3f/kdip+GLVhcqRhXoVhcB5NKZv7zG5GG7CRNA=
golang.org/x/exp v0.0.0-20230522175609-2e198f4a06a1 h1:k/i9J1pBpvlfR+9QsetwPyERsqu1GIbi967PQMq3Ivc=
golang.org/x/exp v0.0.0-20230522175609-2e198f4a06a1/go.mod h1:V1LtkGg67GoY2N1AnLN78QLrzxkLyJw7RJb1gzOOz9w=
